
Microsoft Visual Studio Solution File, Format Version 12.00
# Visual Studio 15
VisualStudioVersion = 15.0.28010.2046
MinimumVisualStudioVersion = 10.0.40219.1
Project("{FAE04EC0-301F-11D3-BF4B-00C04F79EFBC}") = "CurrencyService", "CurrencyService\CurrencyService.csproj", "{BFEDC4B3-9A42-4581-BC04-FDE49575E4CD}"
EndProject
Project("{FAE04EC0-301F-11D3-BF4B-00C04F79EFBC}") = "Currency.Data", "Currency.Data\Currency.Data.csproj", "{40AD5F2F-5313-4C64-97FC-B0601938B1A9}"
EndProject
Project("{FAE04EC0-301F-11D3-BF4B-00C04F79EFBC}") = "CurrencyWeb", "CurrencyWeb\CurrencyWeb.csproj", "{CBBD15DF-B1F5-4D4A-92D8-C8B3955AB7BC}"
EndProject
Global
	GlobalSection(SolutionConfigurationPlatforms) = preSolution
		Debug|Any CPU = Debug|Any CPU
		Release|Any CPU = Release|Any CPU
	EndGlobalSection
	GlobalSection(ProjectConfigurationPlatforms) = postSolution
		{BFEDC4B3-9A42-4581-BC04-FDE49575E4CD}.Debug|Any CPU.ActiveCfg = Debug|Any CPU
		{BFEDC4B3-9A42-4581-BC04-FDE49575E4CD}.Debug|Any CPU.Build.0 = Debug|Any CPU
		{BFEDC4B3-9A42-4581-BC04-FDE49575E4CD}.Release|Any CPU.ActiveCfg = Release|Any CPU
		{BFEDC4B3-9A42-4581-BC04-FDE49575E4CD}.Release|Any CPU.Build.0 = Release|Any CPU
		{40AD5F2F-5313-4C64-97FC-B0601938B1A9}.Debug|Any CPU.ActiveCfg = Debug|Any CPU
		{40AD5F2F-5313-4C64-97FC-B0601938B1A9}.Debug|Any CPU.Build.0 = Debug|Any CPU
		{40AD5F2F-5313-4C64-97FC-B0601938B1A9}.Release|Any CPU.ActiveCfg = Release|Any CPU
		{40AD5F2F-5313-4C64-97FC-B0601938B1A9}.Release|Any CPU.Build.0 = Release|Any CPU
		{CBBD15DF-B1F5-4D4A-92D8-C8B3955AB7BC}.Debug|Any CPU.ActiveCfg = Debug|Any CPU
		{CBBD15DF-B1F5-4D4A-92D8-C8B3955AB7BC}.Debug|Any CPU.Build.0 = Debug|Any CPU
		{CBBD15DF-B1F5-4D4A-92D8-C8B3955AB7BC}.Release|Any CPU.ActiveCfg = Release|Any CPU
		{CBBD15DF-B1F5-4D4A-92D8-C8B3955AB7BC}.Release|Any CPU.Build.0 = Release|Any CPU
	EndGlobalSection
	GlobalSection(SolutionProperties) = preSolution
		HideSolutionNode = FALSE
	EndGlobalSection
	GlobalSection(ExtensibilityGlobals) = postSolution
		SolutionGuid = {91AD7686-3B56-4ED3-8254-D32E04B592D4}
	EndGlobalSection
EndGlobal
